
Microsoft Visual Studio Solution File, Format Version 12.00
# Visual Studio Version 17
VisualStudioVersion = 17.2.32616.157
MinimumVisualStudioVersion = 10.0.40219.1
Project("{9A19103F-16F7-4668-BE54-9A1E7A4F7556}") = "F-e-commerce_EFCore", "F-e-commerce_EFCore\F-e-commerce_EFCore.csproj", "{4DEAA984-1CA9-4C57-9370-A4D56AC7DA34}"
EndProject
Project("{9A19103F-16F7-4668-BE54-9A1E7A4F7556}") = "F-e-commerce-UI", "F-e-commerce-UI\F-e-commerce-UI.csproj", "{8136FE2F-D9E8-44E0-95D4-17C16FD7D5B3}"
EndProject
Project("{2150E333-8FDC-42A3-9474-1A3956D46DE8}") = "Infrastructure", "Infrastructure", "{83364CBC-C194-4927-BC5B-BDC7DD4D5873}"
EndProject
Project("{2150E333-8FDC-42A3-9474-1A3956D46DE8}") = "Utility", "Utility", "{915F6BC9-FEB2-4A5D-86E3-FF33E6736AD0}"
EndProject
Project("{9A19103F-16F7-4668-BE54-9A1E7A4F7556}") = "F-e-Resources", "F-e-Resources\F-e-Resources.csproj", "{70A8EED3-CC00-4D3F-A4B6-47B8AD7EB75B}"
EndProject
Project("{9A19103F-16F7-4668-BE54-9A1E7A4F7556}") = "F-e-commerce-Constants", "F-e-commerce-Constants\F-e-commerce-Constants.csproj", "{FF037946-2ABD-4CC7-B8E2-F232886EA54F}"
EndProject
Project("{2150E333-8FDC-42A3-9474-1A3956D46DE8}") = "Core", "Core", "{F8908281-44FD-4C05-8A66-75DB7350AF3D}"
EndProject
Project("{2150E333-8FDC-42A3-9474-1A3956D46DE8}") = "Common", "Common", "{D68008F3-B93A-40C8-A678-045ACAD1591C}"
EndProject
Project("{9A19103F-16F7-4668-BE54-9A1E7A4F7556}") = "Services.Common.Abstract", "Services.Common.Abstract\Services.Common.Abstract.csproj", "{DFFC4B43-0392-4513-97C3-AF3FFA69AC0E}"
EndProject
Project("{9A19103F-16F7-4668-BE54-9A1E7A4F7556}") = "Domain", "Domain\Domain.csproj", "{889DAB97-4AD7-4EC5-8B87-C1D27E03A4B2}"
EndProject
Project("{FAE04EC0-301F-11D3-BF4B-00C04F79EFBC}") = "CommonUtility", "CommonUtility\CommonUtility.csproj", "{36EE8E0C-D4D0-4329-9EB0-1E6489E98A04}"
EndProject
Global
	GlobalSection(SolutionConfigurationPlatforms) = preSolution
		Debug|Any CPU = Debug|Any CPU
		Release|Any CPU = Release|Any CPU
	EndGlobalSection
	GlobalSection(ProjectConfigurationPlatforms) = postSolution
		{4DEAA984-1CA9-4C57-9370-A4D56AC7DA34}.Debug|Any CPU.ActiveCfg = Debug|Any CPU
		{4DEAA984-1CA9-4C57-9370-A4D56AC7DA34}.Debug|Any CPU.Build.0 = Debug|Any CPU
		{4DEAA984-1CA9-4C57-9370-A4D56AC7DA34}.Release|Any CPU.ActiveCfg = Release|Any CPU
		{4DEAA984-1CA9-4C57-9370-A4D56AC7DA34}.Release|Any CPU.Build.0 = Release|Any CPU
		{8136FE2F-D9E8-44E0-95D4-17C16FD7D5B3}.Debug|Any CPU.ActiveCfg = Debug|Any CPU
		{8136FE2F-D9E8-44E0-95D4-17C16FD7D5B3}.Debug|Any CPU.Build.0 = Debug|Any CPU
		{8136FE2F-D9E8-44E0-95D4-17C16FD7D5B3}.Release|Any CPU.ActiveCfg = Release|Any CPU
		{8136FE2F-D9E8-44E0-95D4-17C16FD7D5B3}.Release|Any CPU.Build.0 = Release|Any CPU
		{70A8EED3-CC00-4D3F-A4B6-47B8AD7EB75B}.Debug|Any CPU.ActiveCfg = Debug|Any CPU
		{70A8EED3-CC00-4D3F-A4B6-47B8AD7EB75B}.Debug|Any CPU.Build.0 = Debug|Any CPU
		{70A8EED3-CC00-4D3F-A4B6-47B8AD7EB75B}.Release|Any CPU.ActiveCfg = Release|Any CPU
		{70A8EED3-CC00-4D3F-A4B6-47B8AD7EB75B}.Release|Any CPU.Build.0 = Release|Any CPU
		{FF037946-2ABD-4CC7-B8E2-F232886EA54F}.Debug|Any CPU.ActiveCfg = Debug|Any CPU
		{FF037946-2ABD-4CC7-B8E2-F232886EA54F}.Debug|Any CPU.Build.0 = Debug|Any CPU
		{FF037946-2ABD-4CC7-B8E2-F232886EA54F}.Release|Any CPU.ActiveCfg = Release|Any CPU
		{FF037946-2ABD-4CC7-B8E2-F232886EA54F}.Release|Any CPU.Build.0 = Release|Any CPU
		{DFFC4B43-0392-4513-97C3-AF3FFA69AC0E}.Debug|Any CPU.ActiveCfg = Debug|Any CPU
		{DFFC4B43-0392-4513-97C3-AF3FFA69AC0E}.Debug|Any CPU.Build.0 = Debug|Any CPU
		{DFFC4B43-0392-4513-97C3-AF3FFA69AC0E}.Release|Any CPU.ActiveCfg = Release|Any CPU
		{DFFC4B43-0392-4513-97C3-AF3FFA69AC0E}.Release|Any CPU.Build.0 = Release|Any CPU
		{889DAB97-4AD7-4EC5-8B87-C1D27E03A4B2}.Debug|Any CPU.ActiveCfg = Debug|Any CPU
		{889DAB97-4AD7-4EC5-8B87-C1D27E03A4B2}.Debug|Any CPU.Build.0 = Debug|Any CPU
		{889DAB97-4AD7-4EC5-8B87-C1D27E03A4B2}.Release|Any CPU.ActiveCfg = Release|Any CPU
		{889DAB97-4AD7-4EC5-8B87-C1D27E03A4B2}.Release|Any CPU.Build.0 = Release|Any CPU
		{36EE8E0C-D4D0-4329-9EB0-1E6489E98A04}.Debug|Any CPU.ActiveCfg = Debug|Any CPU
		{36EE8E0C-D4D0-4329-9EB0-1E6489E98A04}.Debug|Any CPU.Build.0 = Debug|Any CPU
		{36EE8E0C-D4D0-4329-9EB0-1E6489E98A04}.Release|Any CPU.ActiveCfg = Release|Any CPU
		{36EE8E0C-D4D0-4329-9EB0-1E6489E98A04}.Release|Any CPU.Build.0 = Release|Any CPU
	EndGlobalSection
	GlobalSection(SolutionProperties) = preSolution
		HideSolutionNode = FALSE
	EndGlobalSection
	GlobalSection(NestedProjects) = preSolution
		{4DEAA984-1CA9-4C57-9370-A4D56AC7DA34} = {83364CBC-C194-4927-BC5B-BDC7DD4D5873}
		{83364CBC-C194-4927-BC5B-BDC7DD4D5873} = {F8908281-44FD-4C05-8A66-75DB7350AF3D}
		{70A8EED3-CC00-4D3F-A4B6-47B8AD7EB75B} = {915F6BC9-FEB2-4A5D-86E3-FF33E6736AD0}
		{FF037946-2ABD-4CC7-B8E2-F232886EA54F} = {915F6BC9-FEB2-4A5D-86E3-FF33E6736AD0}
		{D68008F3-B93A-40C8-A678-045ACAD1591C} = {F8908281-44FD-4C05-8A66-75DB7350AF3D}
		{DFFC4B43-0392-4513-97C3-AF3FFA69AC0E} = {D68008F3-B93A-40C8-A678-045ACAD1591C}
		{889DAB97-4AD7-4EC5-8B87-C1D27E03A4B2} = {F8908281-44FD-4C05-8A66-75DB7350AF3D}
		{36EE8E0C-D4D0-4329-9EB0-1E6489E98A04} = {915F6BC9-FEB2-4A5D-86E3-FF33E6736AD0}
	EndGlobalSection
	GlobalSection(ExtensibilityGlobals) = postSolution
		SolutionGuid = {75631E4F-4CC6-4C31-9042-DE9C5ECF75DC}
	EndGlobalSection
EndGlobal
