
Microsoft Visual Studio Solution File, Format Version 12.00
# Visual Studio Version 17
VisualStudioVersion = 17.2.32616.157
MinimumVisualStudioVersion = 10.0.40219.1
Project("{9A19103F-16F7-4668-BE54-9A1E7A4F7556}") = "F-e-commerce_EFCore", "F-e-commerce_EFCore\F-e-commerce_EFCore.csproj", "{4DEAA984-1CA9-4C57-9370-A4D56AC7DA34}"
EndProject
Project("{9A19103F-16F7-4668-BE54-9A1E7A4F7556}") = "F-e-commerce-UI", "F-e-commerce-UI\F-e-commerce-UI.csproj", "{8136FE2F-D9E8-44E0-95D4-17C16FD7D5B3}"
EndProject
Global
	GlobalSection(SolutionConfigurationPlatforms) = preSolution
		Debug|Any CPU = Debug|Any CPU
		Release|Any CPU = Release|Any CPU
	EndGlobalSection
	GlobalSection(ProjectConfigurationPlatforms) = postSolution
		{4DEAA984-1CA9-4C57-9370-A4D56AC7DA34}.Debug|Any CPU.ActiveCfg = Debug|Any CPU
		{4DEAA984-1CA9-4C57-9370-A4D56AC7DA34}.Debug|Any CPU.Build.0 = Debug|Any CPU
		{4DEAA984-1CA9-4C57-9370-A4D56AC7DA34}.Release|Any CPU.ActiveCfg = Release|Any CPU
		{4DEAA984-1CA9-4C57-9370-A4D56AC7DA34}.Release|Any CPU.Build.0 = Release|Any CPU
		{8136FE2F-D9E8-44E0-95D4-17C16FD7D5B3}.Debug|Any CPU.ActiveCfg = Debug|Any CPU
		{8136FE2F-D9E8-44E0-95D4-17C16FD7D5B3}.Debug|Any CPU.Build.0 = Debug|Any CPU
		{8136FE2F-D9E8-44E0-95D4-17C16FD7D5B3}.Release|Any CPU.ActiveCfg = Release|Any CPU
		{8136FE2F-D9E8-44E0-95D4-17C16FD7D5B3}.Release|Any CPU.Build.0 = Release|Any CPU
	EndGlobalSection
	GlobalSection(SolutionProperties) = preSolution
		HideSolutionNode = FALSE
	EndGlobalSection
	GlobalSection(ExtensibilityGlobals) = postSolution
		SolutionGuid = {75631E4F-4CC6-4C31-9042-DE9C5ECF75DC}
	EndGlobalSection
EndGlobal
